<?xml version="1.0" encoding="utf-8"?>
<Project ToolsVersion="4.0" xmlns="http://schemas.microsoft.com/developer/msbuild/2003">
  <ItemGroup>
    <Filter Include="Quelldateien">
      <UniqueIdentifier>{4FC737F1-C7A5-4376-A066-2A32D752A2FF}</UniqueIdentifier>
      <Extensions>cpp;c;cc;cxx;def;odl;idl;hpj;bat;asm;asmx</Extensions>
    </Filter>
    <Filter Include="Headerdateien">
      <UniqueIdentifier>{93995380-89BD-4b04-88EB-625FBE52EBFB}</UniqueIdentifier>
      <Extensions>h;hh;hpp;hxx;hm;inl;inc;ipp;xsd</Extensions>
    </Filter>
    <Filter Include="Ressourcendateien">
      <UniqueIdentifier>{67DA6AB6-F800-4c08-8B7A-83BB121AAD01}</UniqueIdentifier>
      <Extensions>rc;ico;cur;bmp;dlg;rc2;rct;bin;rgs;gif;jpg;jpeg;jpe;resx;tiff;tif;png;wav;mfcribbon-ms</Extensions>
    </Filter>
  </ItemGroup>
  <ItemGroup>
    <ClInclude Include="component.h">
      <Filter>Headerdateien</Filter>
    </ClInclude>
    <ClInclude Include="mathHelper.h">
      <Filter>Headerdateien</Filter>
    </ClInclude>
    <ClInclude Include="engine.h">
      <Filter>Headerdateien</Filter>
    </ClInclude>
    <ClInclude Include="gameObject.h">
      <Filter>Headerdateien</Filter>
    </ClInclude>
    <ClInclude Include="sprite.h">
      <Filter>Headerdateien</Filter>
    </ClInclude>
    <ClInclude Include="objectPool.h">
      <Filter>Headerdateien</Filter>
    </ClInclude>
    <ClInclude Include="playerBehaviourComponent.h">
      <Filter>Headerdateien</Filter>
    </ClInclude>
    <ClInclude Include="event.h">
      <Filter>Headerdateien</Filter>
    </ClInclude>
    <ClInclude Include="levelBehaviourComponent.h">
      <Filter>Headerdateien</Filter>
    </ClInclude>
    <ClInclude Include="gameManagerBehaviour.h">
      <Filter>Headerdateien</Filter>
    </ClInclude>
    <ClInclude Include="assetManager.h">
      <Filter>Headerdateien</Filter>
    </ClInclude>
  </ItemGroup>
  <ItemGroup>
    <ClCompile Include="component.cpp">
      <Filter>Quelldateien</Filter>
    </ClCompile>
    <ClCompile Include="engine.cpp">
      <Filter>Quelldateien</Filter>
    </ClCompile>
    <ClCompile Include="gameObject.cpp">
      <Filter>Quelldateien</Filter>
    </ClCompile>
    <ClCompile Include="sprite.cpp">
      <Filter>Quelldateien</Filter>
    </ClCompile>
    <ClCompile Include="main.cpp">
      <Filter>Quelldateien</Filter>
    </ClCompile>
    <ClCompile Include="mathHelper.cpp">
      <Filter>Quelldateien</Filter>
    </ClCompile>
    <ClCompile Include="playerBehaviourComponent.cpp">
      <Filter>Quelldateien</Filter>
    </ClCompile>
    <ClCompile Include="event.cpp">
      <Filter>Quelldateien</Filter>
    </ClCompile>
    <ClCompile Include="levelBehaviourComponent.cpp">
      <Filter>Quelldateien</Filter>
    </ClCompile>
    <ClCompile Include="gameManagerBehaviour.cpp">
      <Filter>Quelldateien</Filter>
    </ClCompile>
    <ClCompile Include="assetManager.cpp">
      <Filter>Quelldateien</Filter>
    </ClCompile>
  </ItemGroup>
</Project>